
Microsoft Visual Studio Solution File, Format Version 12.00
# Visual Studio Version 17
VisualStudioVersion = 17.5.33424.131
MinimumVisualStudioVersion = 10.0.40219.1
Project("{FAE04EC0-301F-11D3-BF4B-00C04F79EFBC}") = "prakt11.1", "prakt11.1.csproj", "{6E477FEA-C342-44AA-8C1D-FD16E674E789}"
EndProject
Global
	GlobalSection(SolutionConfigurationPlatforms) = preSolution
		Debug|Any CPU = Debug|Any CPU
		Release|Any CPU = Release|Any CPU
	EndGlobalSection
	GlobalSection(ProjectConfigurationPlatforms) = postSolution
		{6E477FEA-C342-44AA-8C1D-FD16E674E789}.Debug|Any CPU.ActiveCfg = Debug|Any CPU
		{6E477FEA-C342-44AA-8C1D-FD16E674E789}.Debug|Any CPU.Build.0 = Debug|Any CPU
		{6E477FEA-C342-44AA-8C1D-FD16E674E789}.Release|Any CPU.ActiveCfg = Release|Any CPU
		{6E477FEA-C342-44AA-8C1D-FD16E674E789}.Release|Any CPU.Build.0 = Release|Any CPU
	EndGlobalSection
	GlobalSection(SolutionProperties) = preSolution
		HideSolutionNode = FALSE
	EndGlobalSection
	GlobalSection(ExtensibilityGlobals) = postSolution
		SolutionGuid = {E151EC4A-5564-4C5F-A6F5-8ABC20AA7FB0}
	EndGlobalSection
EndGlobal
